
Microsoft Visual Studio Solution File, Format Version 12.00
# Visual Studio Version 17
VisualStudioVersion = 17.3.32929.385
MinimumVisualStudioVersion = 10.0.40219.1
Project("{FAE04EC0-301F-11D3-BF4B-00C04F79EFBC}") = "Interface_Exercise", "Interface_Exercise\Interface_Exercise.csproj", "{5643A6D4-BADB-4F36-ADA5-B3BB5717020E}"
EndProject
Global
	GlobalSection(SolutionConfigurationPlatforms) = preSolution
		Debug|Any CPU = Debug|Any CPU
		Release|Any CPU = Release|Any CPU
	EndGlobalSection
	GlobalSection(ProjectConfigurationPlatforms) = postSolution
		{5643A6D4-BADB-4F36-ADA5-B3BB5717020E}.Debug|Any CPU.ActiveCfg = Debug|Any CPU
		{5643A6D4-BADB-4F36-ADA5-B3BB5717020E}.Debug|Any CPU.Build.0 = Debug|Any CPU
		{5643A6D4-BADB-4F36-ADA5-B3BB5717020E}.Release|Any CPU.ActiveCfg = Release|Any CPU
		{5643A6D4-BADB-4F36-ADA5-B3BB5717020E}.Release|Any CPU.Build.0 = Release|Any CPU
	EndGlobalSection
	GlobalSection(SolutionProperties) = preSolution
		HideSolutionNode = FALSE
	EndGlobalSection
	GlobalSection(ExtensibilityGlobals) = postSolution
		SolutionGuid = {D19B607C-2971-49E6-931A-5D8F9D410A5C}
	EndGlobalSection
EndGlobal
